// !$*UTF8*$!
{
	archiveVersion = 1;
	classes = {
	};
	objectVersion = 50;
	objects = {

/* Begin PBXBuildFile section */
		BE9F349E2386F0D9005CDE47 /* AppDelegate.swift in Sources */ = {isa = PBXBuildFile; fileRef = BE9F349D2386F0D9005CDE47 /* AppDelegate.swift */; };
		BE9F34A02386F0D9005CDE47 /* SceneDelegate.swift in Sources */ = {isa = PBXBuildFile; fileRef = BE9F349F2386F0D9005CDE47 /* SceneDelegate.swift */; };
		BE9F34A22386F0D9005CDE47 /* ViewController.swift in Sources */ = {isa = PBXBuildFile; fileRef = BE9F34A12386F0D9005CDE47 /* ViewController.swift */; };
		BE9F34A52386F0D9005CDE47 /* Main.storyboard in Resources */ = {isa = PBXBuildFile; fileRef = BE9F34A32386F0D9005CDE47 /* Main.storyboard */; };
		BE9F34A72386F0DB005CDE47 /* Assets.xcassets in Resources */ = {isa = PBXBuildFile; fileRef = BE9F34A62386F0DB005CDE47 /* Assets.xcassets */; };
		BE9F34AA2386F0DB005CDE47 /* LaunchScreen.storyboard in Resources */ = {isa = PBXBuildFile; fileRef = BE9F34A82386F0DB005CDE47 /* LaunchScreen.storyboard */; };
		BE9F34B22386F0F6005CDE47 /* GroceryList .swift in Sources */ = {isa = PBXBuildFile; fileRef = BE9F34B12386F0F6005CDE47 /* GroceryList .swift */; };
		BE9F34B42386F5FB005CDE47 /* AddController.swift in Sources */ = {isa = PBXBuildFile; fileRef = BE9F34B32386F5FB005CDE47 /* AddController.swift */; };
/* End PBXBuildFile section */

/* Begin PBXFileReference section */
		BE9F349A2386F0D9005CDE47 /* EditingTableViews.app */ = {isa = PBXFileReference; explicitFileType = wrapper.application; includeInIndex = 0; path = EditingTableViews.app; sourceTree = BUILT_PRODUCTS_DIR; };
		BE9F349D2386F0D9005CDE47 /* AppDelegate.swift */ = {isa = PBXFileReference; lastKnownFileType = sourcecode.swift; path = AppDelegate.swift; sourceTree = "<group>"; };
		BE9F349F2386F0D9005CDE47 /* SceneDelegate.swift */ = {isa = PBXFileReference; lastKnownFileType = sourcecode.swift; path = SceneDelegate.swift; sourceTree = "<group>"; };
		BE9F34A12386F0D9005CDE47 /* ViewController.swift */ = {isa = PBXFileReference; lastKnownFileType = sourcecode.swift; path = ViewController.swift; sourceTree = "<group>"; };
		BE9F34A42386F0D9005CDE47 /* Base */ = {isa = PBXFileReference; lastKnownFileType = file.storyboard; name = Base; path = Base.lproj/Main.storyboard; sourceTree = "<group>"; };
		BE9F34A62386F0DB005CDE47 /* Assets.xcassets */ = {isa = PBXFileReference; lastKnownFileType = folder.assetcatalog; path = Assets.xcassets; sourceTree = "<group>"; };
		BE9F34A92386F0DB005CDE47 /* Base */ = {isa = PBXFileReference; lastKnownFileType = file.storyboard; name = Base; path = Base.lproj/LaunchScreen.storyboard; sourceTree = "<group>"; };
		BE9F34AB2386F0DB005CDE47 /* Info.plist */ = {isa = PBXFileReference; lastKnownFileType = text.plist.xml; path = Info.plist; sourceTree = "<group>"; };
		BE9F34B12386F0F6005CDE47 /* GroceryList .swift */ = {isa = PBXFileReference; lastKnownFileType = sourcecode.swift; path = "GroceryList .swift"; sourceTree = "<group>"; };
		BE9F34B32386F5FB005CDE47 /* AddController.swift */ = {isa = PBXFileReference; lastKnownFileType = sourcecode.swift; path = AddController.swift; sourceTree = "<group>"; };
/* End PBXFileReference section */

/* Begin PBXFrameworksBuildPhase section */
		BE9F34972386F0D9005CDE47 /* Frameworks */ = {
			isa = PBXFrameworksBuildPhase;
			buildActionMask = 2147483647;
			files = (
			);
			runOnlyForDeploymentPostprocessing = 0;
		};
/* End PBXFrameworksBuildPhase section */

/* Begin PBXGroup section */
		BE9F34912386F0D9005CDE47 = {
			isa = PBXGroup;
			children = (
				BE9F349C2386F0D9005CDE47 /* EditingTableViews */,
				BE9F349B2386F0D9005CDE47 /* Products */,
			);
			sourceTree = "<group>";
		};
		BE9F349B2386F0D9005CDE47 /* Products */ = {
			isa = PBXGroup;
			children = (
				BE9F349A2386F0D9005CDE47 /* EditingTableViews.app */,
			);
			name = Products;
			sourceTree = "<group>";
		};
		BE9F349C2386F0D9005CDE47 /* EditingTableViews */ = {
			isa = PBXGroup;
			children = (
				BE9F349D2386F0D9005CDE47 /* AppDelegate.swift */,
				BE9F349F2386F0D9005CDE47 /* SceneDelegate.swift */,
				BE9F34A12386F0D9005CDE47 /* ViewController.swift */,
				BE9F34B12386F0F6005CDE47 /* GroceryList .swift */,
				BE9F34A32386F0D9005CDE47 /* Main.storyboard */,
				BE9F34B32386F5FB005CDE47 /* AddController.swift */,
				BE9F34A62386F0DB005CDE47 /* Assets.xcassets */,
				BE9F34A82386F0DB005CDE47 /* LaunchScreen.storyboard */,
				BE9F34AB2386F0DB005CDE47 /* Info.plist */,
			);
			path = EditingTableViews;
			sourceTree = "<group>";
		};
/* End PBXGroup section */

/* Begin PBXNativeTarget section */
		BE9F34992386F0D9005CDE47 /* EditingTableViews */ = {
			isa = PBXNativeTarget;
			buildConfigurationList = BE9F34AE2386F0DB005CDE47 /* Build configuration list for PBXNativeTarget "EditingTableViews" */;
			buildPhases = (
				BE9F34962386F0D9005CDE47 /* Sources */,
				BE9F34972386F0D9005CDE47 /* Frameworks */,
				BE9F34982386F0D9005CDE47 /* Resources */,
			);
			buildRules = (
			);
			dependencies = (
			);
			name = EditingTableViews;
			productName = EditingTableViews;
			productReference = BE9F349A2386F0D9005CDE47 /* EditingTableViews.app */;
			productType = "com.apple.product-type.application";
		};
/* End PBXNativeTarget section */

/* Begin PBXProject section */
		BE9F34922386F0D9005CDE47 /* Project object */ = {
			isa = PBXProject;
			attributes = {
				LastSwiftUpdateCheck = 1100;
				LastUpgradeCheck = 1100;
				ORGANIZATIONNAME = "Oscar Victoria Gonzalez ";
				TargetAttributes = {
					BE9F34992386F0D9005CDE47 = {
						CreatedOnToolsVersion = 11.0;
					};
				};
			};
			buildConfigurationList = BE9F34952386F0D9005CDE47 /* Build configuration list for PBXProject "EditingTableViews" */;
			compatibilityVersion = "Xcode 9.3";
			developmentRegion = en;
			hasScannedForEncodings = 0;
			knownRegions = (
				en,
				Base,
			);
			mainGroup = BE9F34912386F0D9005CDE47;
			productRefGroup = BE9F349B2386F0D9005CDE47 /* Products */;
			projectDirPath = "";
			projectRoot = "";
			targets = (
				BE9F34992386F0D9005CDE47 /* EditingTableViews */,
			);
		};
/* End PBXProject section */

/* Begin PBXResourcesBuildPhase section */
		BE9F34982386F0D9005CDE47 /* Resources */ = {
			isa = PBXResourcesBuildPhase;
			buildActionMask = 2147483647;
			files = (
				BE9F34AA2386F0DB005CDE47 /* LaunchScreen.storyboard in Resources */,
				BE9F34A72386F0DB005CDE47 /* Assets.xcassets in Resources */,
				BE9F34A52386F0D9005CDE47 /* Main.storyboard in Resources */,
			);
			runOnlyForDeploymentPostprocessing = 0;
		};
/* End PBXResourcesBuildPhase section */

/* Begin PBXSourcesBuildPhase section */
		BE9F34962386F0D9005CDE47 /* Sources */ = {
			isa = PBXSourcesBuildPhase;
			buildActionMask = 2147483647;
			files = (
				BE9F34B22386F0F6005CDE47 /* GroceryList .swift in Sources */,
				BE9F34B42386F5FB005CDE47 /* AddController.swift in Sources */,
				BE9F34A22386F0D9005CDE47 /* ViewController.swift in Sources */,
				BE9F349E2386F0D9005CDE47 /* AppDelegate.swift in Sources */,
				BE9F34A02386F0D9005CDE47 /* SceneDelegate.swift in Sources */,
			);
			runOnlyForDeploymentPostprocessing = 0;
		};
/* End PBXSourcesBuildPhase section */

/* Begin PBXVariantGroup section */
		BE9F34A32386F0D9005CDE47 /* Main.storyboard */ = {
			isa = PBXVariantGroup;
			children = (
				BE9F34A42386F0D9005CDE47 /* Base */,
			);
			name = Main.storyboard;
			sourceTree = "<group>";
		};
		BE9F34A82386F0DB005CDE47 /* LaunchScreen.storyboard */ = {
			isa = PBXVariantGroup;
			children = (
				BE9F34A92386F0DB005CDE47 /* Base */,
			);
			name = LaunchScreen.storyboard;
			sourceTree = "<group>";
		};
/* End PBXVariantGroup section */

/* Begin XCBuildConfiguration section */
		BE9F34AC2386F0DB005CDE47 /* Debug */ = {
			isa = XCBuildConfiguration;
			buildSettings = {
				ALWAYS_SEARCH_USER_PATHS = NO;
				CLANG_ANALYZER_NONNULL = YES;
				CLANG_ANALYZER_NUMBER_OBJECT_CONVERSION = YES_AGGRESSIVE;
				CLANG_CXX_LANGUAGE_STANDARD = "gnu++14";
				CLANG_CXX_LIBRARY = "libc++";
				CLANG_ENABLE_MODULES = YES;
				CLANG_ENABLE_OBJC_ARC = YES;
				CLANG_ENABLE_OBJC_WEAK = YES;
				CLANG_WARN_BLOCK_CAPTURE_AUTORELEASING = YES;
				CLANG_WARN_BOOL_CONVERSION = YES;
				CLANG_WARN_COMMA = YES;
				CLANG_WARN_CONSTANT_CONVERSION = YES;
				CLANG_WARN_DEPRECATED_OBJC_IMPLEMENTATIONS = YES;
				CLANG_WARN_DIRECT_OBJC_ISA_USAGE = YES_ERROR;
				CLANG_WARN_DOCUMENTATION_COMMENTS = YES;
				CLANG_WARN_EMPTY_BODY = YES;
				CLANG_WARN_ENUM_CONVERSION = YES;
				CLANG_WARN_INFINITE_RECURSION = YES;
				CLANG_WARN_INT_CONVERSION = YES;
				CLANG_WARN_NON_LITERAL_NULL_CONVERSION = YES;
				CLANG_WARN_OBJC_IMPLICIT_RETAIN_SELF = YES;
				CLANG_WARN_OBJC_LITERAL_CONVERSION = YES;
				CLANG_WARN_OBJC_ROOT_CLASS = YES_ERROR;
				CLANG_WARN_RANGE_LOOP_ANALYSIS = YES;
				CLANG_WARN_STRICT_PROTOTYPES = YES;
				CLANG_WARN_SUSPICIOUS_MOVE = YES;
				CLANG_WARN_UNGUARDED_AVAILABILITY = YES_AGGRESSIVE;
				CLANG_WARN_UNREACHABLE_CODE = YES;
				CLANG_WARN__DUPLICATE_METHOD_MATCH = YES;
				COPY_PHASE_STRIP = NO;
				DEBUG_INFORMATION_FORMAT = dwarf;
				ENABLE_STRICT_OBJC_MSGSEND = YES;
				ENABLE_TESTABILITY = YES;
				GCC_C_LANGUAGE_STANDARD = gnu11;
				GCC_DYNAMIC_NO_PIC = NO;
				GCC_NO_COMMON_BLOCKS = YES;
				GCC_OPTIMIZATION_LEVEL = 0;
				GCC_PREPROCESSOR_DEFINITIONS = (
					"DEBUG=1",
					"$(inherited)",
				);
				GCC_WARN_64_TO_32_BIT_CONVERSION = YES;
				GCC_WARN_ABOUT_RETURN_TYPE = YES_ERROR;
				GCC_WARN_UNDECLARED_SELECTOR = YES;
				GCC_WARN_UNINITIALIZED_AUTOS = YES_AGGRESSIVE;
				GCC_WARN_UNUSED_FUNCTION = YES;
				GCC_WARN_UNUSED_VARIABLE = YES;
				IPHONEOS_DEPLOYMENT_TARGET = 13.0;
				MTL_ENABLE_DEBUG_INFO = INCLUDE_SOURCE;
				MTL_FAST_MATH = YES;
				ONLY_ACTIVE_ARCH = YES;
				SDKROOT = iphoneos;
				SWIFT_ACTIVE_COMPILATION_CONDITIONS = DEBUG;
				SWIFT_OPTIMIZATION_LEVEL = "-Onone";
			};
			name = Debug;
		};
		BE9F34AD2386F0DB005CDE47 /* Release */ = {
			isa = XCBuildConfiguration;
			buildSettings = {
				ALWAYS_SEARCH_USER_PATHS = NO;
				CLANG_ANALYZER_NONNULL = YES;
				CLANG_ANALYZER_NUMBER_OBJECT_CONVERSION = YES_AGGRESSIVE;
				CLANG_CXX_LANGUAGE_STANDARD = "gnu++14";
				CLANG_CXX_LIBRARY = "libc++";
				CLANG_ENABLE_MODULES = YES;
				CLANG_ENABLE_OBJC_ARC = YES;
				CLANG_ENABLE_OBJC_WEAK = YES;
				CLANG_WARN_BLOCK_CAPTURE_AUTORELEASING = YES;
				CLANG_WARN_BOOL_CONVERSION = YES;
				CLANG_WARN_COMMA = YES;
				CLANG_WARN_CONSTANT_CONVERSION = YES;
				CLANG_WARN_DEPRECATED_OBJC_IMPLEMENTATIONS = YES;
				CLANG_WARN_DIRECT_OBJC_ISA_USAGE = YES_ERROR;
				CLANG_WARN_DOCUMENTATION_COMMENTS = YES;
				CLANG_WARN_EMPTY_BODY = YES;
				CLANG_WARN_ENUM_CONVERSION = YES;
				CLANG_WARN_INFINITE_RECURSION = YES;
				CLANG_WARN_INT_CONVERSION = YES;
				CLANG_WARN_NON_LITERAL_NULL_CONVERSION = YES;
				CLANG_WARN_OBJC_IMPLICIT_RETAIN_SELF = YES;
				CLANG_WARN_OBJC_LITERAL_CONVERSION = YES;
				CLANG_WARN_OBJC_ROOT_CLASS = YES_ERROR;
				CLANG_WARN_RANGE_LOOP_ANALYSIS = YES;
				CLANG_WARN_STRICT_PROTOTYPES = YES;
				CLANG_WARN_SUSPICIOUS_MOVE = YES;
				CLANG_WARN_UNGUARDED_AVAILABILITY = YES_AGGRESSIVE;
				CLANG_WARN_UNREACHABLE_CODE = YES;
				CLANG_WARN__DUPLICATE_METHOD_MATCH = YES;
				COPY_PHASE_STRIP = NO;
				DEBUG_INFORMATION_FORMAT = "dwarf-with-dsym";
				ENABLE_NS_ASSERTIONS = NO;
				ENABLE_STRICT_OBJC_MSGSEND = YES;
				GCC_C_LANGUAGE_STANDARD = gnu11;
				GCC_NO_COMMON_BLOCKS = YES;
				GCC_WARN_64_TO_32_BIT_CONVERSION = YES;
				GCC_WARN_ABOUT_RETURN_TYPE = YES_ERROR;
				GCC_WARN_UNDECLARED_SELECTOR = YES;
				GCC_WARN_UNINITIALIZED_AUTOS = YES_AGGRESSIVE;
				GCC_WARN_UNUSED_FUNCTION = YES;
				GCC_WARN_UNUSED_VARIABLE = YES;
				IPHONEOS_DEPLOYMENT_TARGET = 13.0;
				MTL_ENABLE_DEBUG_INFO = NO;
				MTL_FAST_MATH = YES;
				SDKROOT = iphoneos;
				SWIFT_COMPILATION_MODE = wholemodule;
				SWIFT_OPTIMIZATION_LEVEL = "-O";
				VALIDATE_PRODUCT = YES;
			};
			name = Release;
		};
		BE9F34AF2386F0DB005CDE47 /* Debug */ = {
			isa = XCBuildConfiguration;
			buildSettings = {
				ASSETCATALOG_COMPILER_APPICON_NAME = AppIcon;
				CODE_SIGN_STYLE = Automatic;
				DEVELOPMENT_TEAM = S55722VFBC;
				INFOPLIST_FILE = EditingTableViews/Info.plist;
				LD_RUNPATH_SEARCH_PATHS = (
					"$(inherited)",
					"@executable_path/Frameworks",
				);
				PRODUCT_BUNDLE_IDENTIFIER = oscarvictoria.EditingTableViews;
				PRODUCT_NAME = "$(TARGET_NAME)";
				SWIFT_VERSION = 5.0;
				TARGETED_DEVICE_FAMILY = "1,2";
			};
			name = Debug;
		};
		BE9F34B02386F0DB005CDE47 /* Release */ = {
			isa = XCBuildConfiguration;
			buildSettings = {
				ASSETCATALOG_COMPILER_APPICON_NAME = AppIcon;
				CODE_SIGN_STYLE = Automatic;
				DEVELOPMENT_TEAM = S55722VFBC;
				INFOPLIST_FILE = EditingTableViews/Info.plist;
				LD_RUNPATH_SEARCH_PATHS = (
					"$(inherited)",
					"@executable_path/Frameworks",
				);
				PRODUCT_BUNDLE_IDENTIFIER = oscarvictoria.EditingTableViews;
				PRODUCT_NAME = "$(TARGET_NAME)";
				SWIFT_VERSION = 5.0;
				TARGETED_DEVICE_FAMILY = "1,2";
			};
			name = Release;
		};
/* End XCBuildConfiguration section */

/* Begin XCConfigurationList section */
		BE9F34952386F0D9005CDE47 /* Build configuration list for PBXProject "EditingTableViews" */ = {
			isa = XCConfigurationList;
			buildConfigurations = (
				BE9F34AC2386F0DB005CDE47 /* Debug */,
				BE9F34AD2386F0DB005CDE47 /* Release */,
			);
			defaultConfigurationIsVisible = 0;
			defaultConfigurationName = Release;
		};
		BE9F34AE2386F0DB005CDE47 /* Build configuration list for PBXNativeTarget "EditingTableViews" */ = {
			isa = XCConfigurationList;
			buildConfigurations = (
				BE9F34AF2386F0DB005CDE47 /* Debug */,
				BE9F34B02386F0DB005CDE47 /* Release */,
			);
			defaultConfigurationIsVisible = 0;
			defaultConfigurationName = Release;
		};
/* End XCConfigurationList section */
	};
	rootObject = BE9F34922386F0D9005CDE47 /* Project object */;
}
